PODS:
  - device_info_plus (0.0.1):
    - Flutter
  - ditto_live (4.8.0-rc.11):
    - DittoFlutterIOS (= 4.8.0-rc.11)
    - Flutter
  - DittoFlutterIOS (4.8.0-rc.11)
  - Flutter (1.0.0)
  - path_provider_foundation (0.0.1):
    - Flutter
    - FlutterMacOS
  - permission_handler_apple (9.1.1):
    - Flutter
  - realm (20.0.0):
    - Flutter

DEPENDENCIES:
  - device_info_plus (from `.symlinks/plugins/device_info_plus/ios`)
  - ditto_live (from `.symlinks/plugins/ditto_live/ios`)
  - Flutter (from `Flutter`)
  - path_provider_foundation (from `.symlinks/plugins/path_provider_foundation/darwin`)
  - permission_handler_apple (from `.symlinks/plugins/permission_handler_apple/ios`)
  - realm (from `.symlinks/plugins/realm/ios`)

SPEC REPOS:
  trunk:
    - DittoFlutterIOS

EXTERNAL SOURCES:
  device_info_plus:
    :path: ".symlinks/plugins/device_info_plus/ios"
  ditto_live:
    :path: ".symlinks/plugins/ditto_live/ios"
  Flutter:
    :path: Flutter
  path_provider_foundation:
    :path: ".symlinks/plugins/path_provider_foundation/darwin"
  permission_handler_apple:
    :path: ".symlinks/plugins/permission_handler_apple/ios"
  realm:
    :path: ".symlinks/plugins/realm/ios"

SPEC CHECKSUMS:
  device_info_plus: 97af1d7e84681a90d0693e63169a5d50e0839a0d
  ditto_live: 4b2d012080280e823c47b787a7236bb8937ea6dc
  DittoFlutterIOS: eba21eda20892586910c04f9b9c0277151662b69
  Flutter: e0871f40cf51350855a761d2e70bf5af5b9b5de7
  path_provider_foundation: 2b6b4c569c0fb62ec74538f866245ac84301af46
  permission_handler_apple: e76247795d700c14ea09e3a2d8855d41ee80a2e6
  realm: be2c8eb2b6d4e07d5e3ef5dca7e59ea0722e9abd

PODFILE CHECKSUM: 819463e6a0290f5a72f145ba7cde16e8b6ef0796

COCOAPODS: 1.15.2
